// !$*UTF8*$!
{
	archiveVersion = 1;
	classes = {
	};
	objectVersion = 50;
	objects = {

/* Begin PBXBuildFile section */
		1F03CA6E24101743001DAC1F /* AppDelegate.swift in Sources */ = {isa = PBXBuildFile; fileRef = 1F03CA6D24101743001DAC1F /* AppDelegate.swift */; };
		1F03CA7024101743001DAC1F /* SceneDelegate.swift in Sources */ = {isa = PBXBuildFile; fileRef = 1F03CA6F24101743001DAC1F /* SceneDelegate.swift */; };
		1F03CA7224101743001DAC1F /* ContentView.swift in Sources */ = {isa = PBXBuildFile; fileRef = 1F03CA7124101743001DAC1F /* ContentView.swift */; };
		1F03CA7424101747001DAC1F /* Assets.xcassets in Resources */ = {isa = PBXBuildFile; fileRef = 1F03CA7324101747001DAC1F /* Assets.xcassets */; };
		1F03CA7724101747001DAC1F /* Preview Assets.xcassets in Resources */ = {isa = PBXBuildFile; fileRef = 1F03CA7624101747001DAC1F /* Preview Assets.xcassets */; };
		1F03CA7A24101747001DAC1F /* LaunchScreen.storyboard in Resources */ = {isa = PBXBuildFile; fileRef = 1F03CA7824101747001DAC1F /* LaunchScreen.storyboard */; };
		1F3F757D241039AE000EE1BC /* BluetoothPeripheralModel.swift in Sources */ = {isa = PBXBuildFile; fileRef = 1F3F757C241039AE000EE1BC /* BluetoothPeripheralModel.swift */; };
		1F3F757F24103C3C000EE1BC /* BluetoothPeripheralRow.swift in Sources */ = {isa = PBXBuildFile; fileRef = 1F3F757E24103C3C000EE1BC /* BluetoothPeripheralRow.swift */; };
		1F3F758224103D4C000EE1BC /* BluetoothPeripheralList.swift in Sources */ = {isa = PBXBuildFile; fileRef = 1F3F758124103D4C000EE1BC /* BluetoothPeripheralList.swift */; };
		1F3F75852410402C000EE1BC /* bluetoothPeripheralData.json in Resources */ = {isa = PBXBuildFile; fileRef = 1F3F758424103E23000EE1BC /* bluetoothPeripheralData.json */; };
		1F3F7587241042BE000EE1BC /* Data.swift in Sources */ = {isa = PBXBuildFile; fileRef = 1F3F7586241042BE000EE1BC /* Data.swift */; };
/* End PBXBuildFile section */

/* Begin PBXFileReference section */
		1F03CA6A24101743001DAC1F /* swiftbtarduinocar.app */ = {isa = PBXFileReference; explicitFileType = wrapper.application; includeInIndex = 0; path = swiftbtarduinocar.app; sourceTree = BUILT_PRODUCTS_DIR; };
		1F03CA6D24101743001DAC1F /* AppDelegate.swift */ = {isa = PBXFileReference; lastKnownFileType = sourcecode.swift; path = AppDelegate.swift; sourceTree = "<group>"; };
		1F03CA6F24101743001DAC1F /* SceneDelegate.swift */ = {isa = PBXFileReference; lastKnownFileType = sourcecode.swift; path = SceneDelegate.swift; sourceTree = "<group>"; };
		1F03CA7124101743001DAC1F /* ContentView.swift */ = {isa = PBXFileReference; lastKnownFileType = sourcecode.swift; path = ContentView.swift; sourceTree = "<group>"; };
		1F03CA7324101747001DAC1F /* Assets.xcassets */ = {isa = PBXFileReference; lastKnownFileType = folder.assetcatalog; path = Assets.xcassets; sourceTree = "<group>"; };
		1F03CA7624101747001DAC1F /* Preview Assets.xcassets */ = {isa = PBXFileReference; lastKnownFileType = folder.assetcatalog; path = "Preview Assets.xcassets"; sourceTree = "<group>"; };
		1F03CA7924101747001DAC1F /* Base */ = {isa = PBXFileReference; lastKnownFileType = file.storyboard; name = Base; path = Base.lproj/LaunchScreen.storyboard; sourceTree = "<group>"; };
		1F03CA7B24101747001DAC1F /* Info.plist */ = {isa = PBXFileReference; lastKnownFileType = text.plist.xml; path = Info.plist; sourceTree = "<group>"; };
		1F3F757C241039AE000EE1BC /* BluetoothPeripheralModel.swift */ = {isa = PBXFileReference; lastKnownFileType = sourcecode.swift; path = BluetoothPeripheralModel.swift; sourceTree = "<group>"; };
		1F3F757E24103C3C000EE1BC /* BluetoothPeripheralRow.swift */ = {isa = PBXFileReference; lastKnownFileType = sourcecode.swift; path = BluetoothPeripheralRow.swift; sourceTree = "<group>"; };
		1F3F758124103D4C000EE1BC /* BluetoothPeripheralList.swift */ = {isa = PBXFileReference; lastKnownFileType = sourcecode.swift; path = BluetoothPeripheralList.swift; sourceTree = "<group>"; };
		1F3F758424103E23000EE1BC /* bluetoothPeripheralData.json */ = {isa = PBXFileReference; lastKnownFileType = text.json; path = bluetoothPeripheralData.json; sourceTree = "<group>"; };
		1F3F7586241042BE000EE1BC /* Data.swift */ = {isa = PBXFileReference; lastKnownFileType = sourcecode.swift; path = Data.swift; sourceTree = "<group>"; };
/* End PBXFileReference section */

/* Begin PBXFrameworksBuildPhase section */
		1F03CA6724101743001DAC1F /* Frameworks */ = {
			isa = PBXFrameworksBuildPhase;
			buildActionMask = 2147483647;
			files = (
			);
			runOnlyForDeploymentPostprocessing = 0;
		};
/* End PBXFrameworksBuildPhase section */

/* Begin PBXGroup section */
		1F03CA6124101743001DAC1F = {
			isa = PBXGroup;
			children = (
				1F03CA6C24101743001DAC1F /* swiftbtarduinocar */,
				1F03CA6B24101743001DAC1F /* Products */,
			);
			sourceTree = "<group>";
		};
		1F03CA6B24101743001DAC1F /* Products */ = {
			isa = PBXGroup;
			children = (
				1F03CA6A24101743001DAC1F /* swiftbtarduinocar.app */,
			);
			name = Products;
			sourceTree = "<group>";
		};
		1F03CA6C24101743001DAC1F /* swiftbtarduinocar */ = {
			isa = PBXGroup;
			children = (
				1F3F758324103DE6000EE1BC /* Resources */,
				1F3F757B24103992000EE1BC /* Models */,
				1F3F757824103931000EE1BC /* Views */,
				1F03CA6D24101743001DAC1F /* AppDelegate.swift */,
				1F03CA6F24101743001DAC1F /* SceneDelegate.swift */,
				1F03CA7324101747001DAC1F /* Assets.xcassets */,
				1F03CA7824101747001DAC1F /* LaunchScreen.storyboard */,
				1F03CA7B24101747001DAC1F /* Info.plist */,
				1F03CA7524101747001DAC1F /* Preview Content */,
			);
			path = swiftbtarduinocar;
			sourceTree = "<group>";
		};
		1F03CA7524101747001DAC1F /* Preview Content */ = {
			isa = PBXGroup;
			children = (
				1F03CA7624101747001DAC1F /* Preview Assets.xcassets */,
			);
			path = "Preview Content";
			sourceTree = "<group>";
		};
		1F3F757824103931000EE1BC /* Views */ = {
			isa = PBXGroup;
			children = (
				1F03CA7124101743001DAC1F /* ContentView.swift */,
				1F3F758024103D3B000EE1BC /* BluetoothPeripheral */,
			);
			path = Views;
			sourceTree = "<group>";
		};
		1F3F757B24103992000EE1BC /* Models */ = {
			isa = PBXGroup;
			children = (
				1F3F757C241039AE000EE1BC /* BluetoothPeripheralModel.swift */,
				1F3F7586241042BE000EE1BC /* Data.swift */,
			);
			path = Models;
			sourceTree = "<group>";
		};
		1F3F758024103D3B000EE1BC /* BluetoothPeripheral */ = {
			isa = PBXGroup;
			children = (
				1F3F758124103D4C000EE1BC /* BluetoothPeripheralList.swift */,
				1F3F757E24103C3C000EE1BC /* BluetoothPeripheralRow.swift */,
			);
			path = BluetoothPeripheral;
			sourceTree = "<group>";
		};
		1F3F758324103DE6000EE1BC /* Resources */ = {
			isa = PBXGroup;
			children = (
				1F3F758424103E23000EE1BC /* bluetoothPeripheralData.json */,
			);
			path = Resources;
			sourceTree = "<group>";
		};
/* End PBXGroup section */

/* Begin PBXNativeTarget section */
		1F03CA6924101743001DAC1F /* swiftbtarduinocar */ = {
			isa = PBXNativeTarget;
			buildConfigurationList = 1F03CA7E24101747001DAC1F /* Build configuration list for PBXNativeTarget "swiftbtarduinocar" */;
			buildPhases = (
				1F03CA6624101743001DAC1F /* Sources */,
				1F03CA6724101743001DAC1F /* Frameworks */,
				1F03CA6824101743001DAC1F /* Resources */,
			);
			buildRules = (
			);
			dependencies = (
			);
			name = swiftbtarduinocar;
			productName = swiftbtarduinocar;
			productReference = 1F03CA6A24101743001DAC1F /* swiftbtarduinocar.app */;
			productType = "com.apple.product-type.application";
		};
/* End PBXNativeTarget section */

/* Begin PBXProject section */
		1F03CA6224101743001DAC1F /* Project object */ = {
			isa = PBXProject;
			attributes = {
				LastSwiftUpdateCheck = 1130;
				LastUpgradeCheck = 1130;
				ORGANIZATIONNAME = "Leonardo Reis";
				TargetAttributes = {
					1F03CA6924101743001DAC1F = {
						CreatedOnToolsVersion = 11.3.1;
					};
				};
			};
			buildConfigurationList = 1F03CA6524101743001DAC1F /* Build configuration list for PBXProject "swiftbtarduinocar" */;
			compatibilityVersion = "Xcode 9.3";
			developmentRegion = en;
			hasScannedForEncodings = 0;
			knownRegions = (
				en,
				Base,
			);
			mainGroup = 1F03CA6124101743001DAC1F;
			productRefGroup = 1F03CA6B24101743001DAC1F /* Products */;
			projectDirPath = "";
			projectRoot = "";
			targets = (
				1F03CA6924101743001DAC1F /* swiftbtarduinocar */,
			);
		};
/* End PBXProject section */

/* Begin PBXResourcesBuildPhase section */
		1F03CA6824101743001DAC1F /* Resources */ = {
			isa = PBXResourcesBuildPhase;
			buildActionMask = 2147483647;
			files = (
				1F3F75852410402C000EE1BC /* bluetoothPeripheralData.json in Resources */,
				1F03CA7A24101747001DAC1F /* LaunchScreen.storyboard in Resources */,
				1F03CA7724101747001DAC1F /* Preview Assets.xcassets in Resources */,
				1F03CA7424101747001DAC1F /* Assets.xcassets in Resources */,
			);
			runOnlyForDeploymentPostprocessing = 0;
		};
/* End PBXResourcesBuildPhase section */

/* Begin PBXSourcesBuildPhase section */
		1F03CA6624101743001DAC1F /* Sources */ = {
			isa = PBXSourcesBuildPhase;
			buildActionMask = 2147483647;
			files = (
				1F03CA6E24101743001DAC1F /* AppDelegate.swift in Sources */,
				1F03CA7024101743001DAC1F /* SceneDelegate.swift in Sources */,
				1F3F757F24103C3C000EE1BC /* BluetoothPeripheralRow.swift in Sources */,
				1F03CA7224101743001DAC1F /* ContentView.swift in Sources */,
				1F3F758224103D4C000EE1BC /* BluetoothPeripheralList.swift in Sources */,
				1F3F7587241042BE000EE1BC /* Data.swift in Sources */,
				1F3F757D241039AE000EE1BC /* BluetoothPeripheralModel.swift in Sources */,
			);
			runOnlyForDeploymentPostprocessing = 0;
		};
/* End PBXSourcesBuildPhase section */

/* Begin PBXVariantGroup section */
		1F03CA7824101747001DAC1F /* LaunchScreen.storyboard */ = {
			isa = PBXVariantGroup;
			children = (
				1F03CA7924101747001DAC1F /* Base */,
			);
			name = LaunchScreen.storyboard;
			sourceTree = "<group>";
		};
/* End PBXVariantGroup section */

/* Begin XCBuildConfiguration section */
		1F03CA7C24101747001DAC1F /* Debug */ = {
			isa = XCBuildConfiguration;
			buildSettings = {
				ALWAYS_SEARCH_USER_PATHS = NO;
				CLANG_ANALYZER_NONNULL = YES;
				CLANG_ANALYZER_NUMBER_OBJECT_CONVERSION = YES_AGGRESSIVE;
				CLANG_CXX_LANGUAGE_STANDARD = "gnu++14";
				CLANG_CXX_LIBRARY = "libc++";
				CLANG_ENABLE_MODULES = YES;
				CLANG_ENABLE_OBJC_ARC = YES;
				CLANG_ENABLE_OBJC_WEAK = YES;
				CLANG_WARN_BLOCK_CAPTURE_AUTORELEASING = YES;
				CLANG_WARN_BOOL_CONVERSION = YES;
				CLANG_WARN_COMMA = YES;
				CLANG_WARN_CONSTANT_CONVERSION = YES;
				CLANG_WARN_DEPRECATED_OBJC_IMPLEMENTATIONS = YES;
				CLANG_WARN_DIRECT_OBJC_ISA_USAGE = YES_ERROR;
				CLANG_WARN_DOCUMENTATION_COMMENTS = YES;
				CLANG_WARN_EMPTY_BODY = YES;
				CLANG_WARN_ENUM_CONVERSION = YES;
				CLANG_WARN_INFINITE_RECURSION = YES;
				CLANG_WARN_INT_CONVERSION = YES;
				CLANG_WARN_NON_LITERAL_NULL_CONVERSION = YES;
				CLANG_WARN_OBJC_IMPLICIT_RETAIN_SELF = YES;
				CLANG_WARN_OBJC_LITERAL_CONVERSION = YES;
				CLANG_WARN_OBJC_ROOT_CLASS = YES_ERROR;
				CLANG_WARN_RANGE_LOOP_ANALYSIS = YES;
				CLANG_WARN_STRICT_PROTOTYPES = YES;
				CLANG_WARN_SUSPICIOUS_MOVE = YES;
				CLANG_WARN_UNGUARDED_AVAILABILITY = YES_AGGRESSIVE;
				CLANG_WARN_UNREACHABLE_CODE = YES;
				CLANG_WARN__DUPLICATE_METHOD_MATCH = YES;
				COPY_PHASE_STRIP = NO;
				DEBUG_INFORMATION_FORMAT = dwarf;
				ENABLE_STRICT_OBJC_MSGSEND = YES;
				ENABLE_TESTABILITY = YES;
				GCC_C_LANGUAGE_STANDARD = gnu11;
				GCC_DYNAMIC_NO_PIC = NO;
				GCC_NO_COMMON_BLOCKS = YES;
				GCC_OPTIMIZATION_LEVEL = 0;
				GCC_PREPROCESSOR_DEFINITIONS = (
					"DEBUG=1",
					"$(inherited)",
				);
				GCC_WARN_64_TO_32_BIT_CONVERSION = YES;
				GCC_WARN_ABOUT_RETURN_TYPE = YES_ERROR;
				GCC_WARN_UNDECLARED_SELECTOR = YES;
				GCC_WARN_UNINITIALIZED_AUTOS = YES_AGGRESSIVE;
				GCC_WARN_UNUSED_FUNCTION = YES;
				GCC_WARN_UNUSED_VARIABLE = YES;
				IPHONEOS_DEPLOYMENT_TARGET = 13.2;
				MTL_ENABLE_DEBUG_INFO = INCLUDE_SOURCE;
				MTL_FAST_MATH = YES;
				ONLY_ACTIVE_ARCH = YES;
				SDKROOT = iphoneos;
				SWIFT_ACTIVE_COMPILATION_CONDITIONS = DEBUG;
				SWIFT_OPTIMIZATION_LEVEL = "-Onone";
			};
			name = Debug;
		};
		1F03CA7D24101747001DAC1F /* Release */ = {
			isa = XCBuildConfiguration;
			buildSettings = {
				ALWAYS_SEARCH_USER_PATHS = NO;
				CLANG_ANALYZER_NONNULL = YES;
				CLANG_ANALYZER_NUMBER_OBJECT_CONVERSION = YES_AGGRESSIVE;
				CLANG_CXX_LANGUAGE_STANDARD = "gnu++14";
				CLANG_CXX_LIBRARY = "libc++";
				CLANG_ENABLE_MODULES = YES;
				CLANG_ENABLE_OBJC_ARC = YES;
				CLANG_ENABLE_OBJC_WEAK = YES;
				CLANG_WARN_BLOCK_CAPTURE_AUTORELEASING = YES;
				CLANG_WARN_BOOL_CONVERSION = YES;
				CLANG_WARN_COMMA = YES;
				CLANG_WARN_CONSTANT_CONVERSION = YES;
				CLANG_WARN_DEPRECATED_OBJC_IMPLEMENTATIONS = YES;
				CLANG_WARN_DIRECT_OBJC_ISA_USAGE = YES_ERROR;
				CLANG_WARN_DOCUMENTATION_COMMENTS = YES;
				CLANG_WARN_EMPTY_BODY = YES;
				CLANG_WARN_ENUM_CONVERSION = YES;
				CLANG_WARN_INFINITE_RECURSION = YES;
				CLANG_WARN_INT_CONVERSION = YES;
				CLANG_WARN_NON_LITERAL_NULL_CONVERSION = YES;
				CLANG_WARN_OBJC_IMPLICIT_RETAIN_SELF = YES;
				CLANG_WARN_OBJC_LITERAL_CONVERSION = YES;
				CLANG_WARN_OBJC_ROOT_CLASS = YES_ERROR;
				CLANG_WARN_RANGE_LOOP_ANALYSIS = YES;
				CLANG_WARN_STRICT_PROTOTYPES = YES;
				CLANG_WARN_SUSPICIOUS_MOVE = YES;
				CLANG_WARN_UNGUARDED_AVAILABILITY = YES_AGGRESSIVE;
				CLANG_WARN_UNREACHABLE_CODE = YES;
				CLANG_WARN__DUPLICATE_METHOD_MATCH = YES;
				COPY_PHASE_STRIP = NO;
				DEBUG_INFORMATION_FORMAT = "dwarf-with-dsym";
				ENABLE_NS_ASSERTIONS = NO;
				ENABLE_STRICT_OBJC_MSGSEND = YES;
				GCC_C_LANGUAGE_STANDARD = gnu11;
				GCC_NO_COMMON_BLOCKS = YES;
				GCC_WARN_64_TO_32_BIT_CONVERSION = YES;
				GCC_WARN_ABOUT_RETURN_TYPE = YES_ERROR;
				GCC_WARN_UNDECLARED_SELECTOR = YES;
				GCC_WARN_UNINITIALIZED_AUTOS = YES_AGGRESSIVE;
				GCC_WARN_UNUSED_FUNCTION = YES;
				GCC_WARN_UNUSED_VARIABLE = YES;
				IPHONEOS_DEPLOYMENT_TARGET = 13.2;
				MTL_ENABLE_DEBUG_INFO = NO;
				MTL_FAST_MATH = YES;
				SDKROOT = iphoneos;
				SWIFT_COMPILATION_MODE = wholemodule;
				SWIFT_OPTIMIZATION_LEVEL = "-O";
				VALIDATE_PRODUCT = YES;
			};
			name = Release;
		};
		1F03CA7F24101747001DAC1F /* Debug */ = {
			isa = XCBuildConfiguration;
			buildSettings = {
				ASSETCATALOG_COMPILER_APPICON_NAME = AppIcon;
				CODE_SIGN_STYLE = Automatic;
				DEVELOPMENT_ASSET_PATHS = "\"swiftbtarduinocar/Preview Content\"";
				DEVELOPMENT_TEAM = MC7C9J5LVA;
				ENABLE_PREVIEWS = YES;
				INFOPLIST_FILE = swiftbtarduinocar/Info.plist;
				LD_RUNPATH_SEARCH_PATHS = (
					"$(inherited)",
					"@executable_path/Frameworks",
				);
				PRODUCT_BUNDLE_IDENTIFIER = academy.swiftbtarduinocar;
				PRODUCT_NAME = "$(TARGET_NAME)";
				SWIFT_VERSION = 5.0;
				TARGETED_DEVICE_FAMILY = "1,2";
			};
			name = Debug;
		};
		1F03CA8024101747001DAC1F /* Release */ = {
			isa = XCBuildConfiguration;
			buildSettings = {
				ASSETCATALOG_COMPILER_APPICON_NAME = AppIcon;
				CODE_SIGN_STYLE = Automatic;
				DEVELOPMENT_ASSET_PATHS = "\"swiftbtarduinocar/Preview Content\"";
				DEVELOPMENT_TEAM = MC7C9J5LVA;
				ENABLE_PREVIEWS = YES;
				INFOPLIST_FILE = swiftbtarduinocar/Info.plist;
				LD_RUNPATH_SEARCH_PATHS = (
					"$(inherited)",
					"@executable_path/Frameworks",
				);
				PRODUCT_BUNDLE_IDENTIFIER = academy.swiftbtarduinocar;
				PRODUCT_NAME = "$(TARGET_NAME)";
				SWIFT_VERSION = 5.0;
				TARGETED_DEVICE_FAMILY = "1,2";
			};
			name = Release;
		};
/* End XCBuildConfiguration section */

/* Begin XCConfigurationList section */
		1F03CA6524101743001DAC1F /* Build configuration list for PBXProject "swiftbtarduinocar" */ = {
			isa = XCConfigurationList;
			buildConfigurations = (
				1F03CA7C24101747001DAC1F /* Debug */,
				1F03CA7D24101747001DAC1F /* Release */,
			);
			defaultConfigurationIsVisible = 0;
			defaultConfigurationName = Release;
		};
		1F03CA7E24101747001DAC1F /* Build configuration list for PBXNativeTarget "swiftbtarduinocar" */ = {
			isa = XCConfigurationList;
			buildConfigurations = (
				1F03CA7F24101747001DAC1F /* Debug */,
				1F03CA8024101747001DAC1F /* Release */,
			);
			defaultConfigurationIsVisible = 0;
			defaultConfigurationName = Release;
		};
/* End XCConfigurationList section */
	};
	rootObject = 1F03CA6224101743001DAC1F /* Project object */;
}
